
Microsoft Visual Studio Solution File, Format Version 12.00
# Visual Studio Version 17
VisualStudioVersion = 17.1.32228.430
MinimumVisualStudioVersion = 10.0.40219.1
Project("{FAE04EC0-301F-11D3-BF4B-00C04F79EFBC}") = "LengthСalculator", "LengthСalculator\LengthСalculator.csproj", "{502C94AF-E47D-478B-A7C6-09EC8A4D661B}"
EndProject
Global
	GlobalSection(SolutionConfigurationPlatforms) = preSolution
		Debug|Any CPU = Debug|Any CPU
		Release|Any CPU = Release|Any CPU
	EndGlobalSection
	GlobalSection(ProjectConfigurationPlatforms) = postSolution
		{502C94AF-E47D-478B-A7C6-09EC8A4D661B}.Debug|Any CPU.ActiveCfg = Debug|Any CPU
		{502C94AF-E47D-478B-A7C6-09EC8A4D661B}.Debug|Any CPU.Build.0 = Debug|Any CPU
		{502C94AF-E47D-478B-A7C6-09EC8A4D661B}.Release|Any CPU.ActiveCfg = Release|Any CPU
		{502C94AF-E47D-478B-A7C6-09EC8A4D661B}.Release|Any CPU.Build.0 = Release|Any CPU
	EndGlobalSection
	GlobalSection(SolutionProperties) = preSolution
		HideSolutionNode = FALSE
	EndGlobalSection
	GlobalSection(ExtensibilityGlobals) = postSolution
		SolutionGuid = {41F829A0-AB27-4A96-B89C-DF411E4064EE}
	EndGlobalSection
EndGlobal
